
Microsoft Visual Studio Solution File, Format Version 12.00
# Visual Studio Version 17
VisualStudioVersion = 17.3.32901.215
MinimumVisualStudioVersion = 10.0.40219.1
Project("{9A19103F-16F7-4668-BE54-9A1E7A4F7556}") = "AutoStockUA.API", "AutoStockUA.API\AutoStockUA.API.csproj", "{EF6B50CF-6CDB-48B8-907F-7BA025F23272}"
EndProject
Project("{9A19103F-16F7-4668-BE54-9A1E7A4F7556}") = "AutoStockUA.DAL", "AutoStockUA.DAL\AutoStockUA.DAL.csproj", "{C31CFC74-30B7-4DAA-8224-8B744B7B1409}"
EndProject
Project("{9A19103F-16F7-4668-BE54-9A1E7A4F7556}") = "AutoStockUA.BLL", "AutoStockUA.BLL\AutoStockUA.BLL.csproj", "{4A32D02D-9815-4FF2-8F81-EB91BCD19623}"
EndProject
Global
	GlobalSection(SolutionConfigurationPlatforms) = preSolution
		Debug|Any CPU = Debug|Any CPU
		Release|Any CPU = Release|Any CPU
	EndGlobalSection
	GlobalSection(ProjectConfigurationPlatforms) = postSolution
		{EF6B50CF-6CDB-48B8-907F-7BA025F23272}.Debug|Any CPU.ActiveCfg = Debug|Any CPU
		{EF6B50CF-6CDB-48B8-907F-7BA025F23272}.Debug|Any CPU.Build.0 = Debug|Any CPU
		{EF6B50CF-6CDB-48B8-907F-7BA025F23272}.Release|Any CPU.ActiveCfg = Release|Any CPU
		{EF6B50CF-6CDB-48B8-907F-7BA025F23272}.Release|Any CPU.Build.0 = Release|Any CPU
		{C31CFC74-30B7-4DAA-8224-8B744B7B1409}.Debug|Any CPU.ActiveCfg = Debug|Any CPU
		{C31CFC74-30B7-4DAA-8224-8B744B7B1409}.Debug|Any CPU.Build.0 = Debug|Any CPU
		{C31CFC74-30B7-4DAA-8224-8B744B7B1409}.Release|Any CPU.ActiveCfg = Release|Any CPU
		{C31CFC74-30B7-4DAA-8224-8B744B7B1409}.Release|Any CPU.Build.0 = Release|Any CPU
		{4A32D02D-9815-4FF2-8F81-EB91BCD19623}.Debug|Any CPU.ActiveCfg = Debug|Any CPU
		{4A32D02D-9815-4FF2-8F81-EB91BCD19623}.Debug|Any CPU.Build.0 = Debug|Any CPU
		{4A32D02D-9815-4FF2-8F81-EB91BCD19623}.Release|Any CPU.ActiveCfg = Release|Any CPU
		{4A32D02D-9815-4FF2-8F81-EB91BCD19623}.Release|Any CPU.Build.0 = Release|Any CPU
	EndGlobalSection
	GlobalSection(SolutionProperties) = preSolution
		HideSolutionNode = FALSE
	EndGlobalSection
	GlobalSection(ExtensibilityGlobals) = postSolution
		SolutionGuid = {6D3FFA2E-090D-4144-BAA1-D23895CBA36F}
	EndGlobalSection
EndGlobal
